// !$*UTF8*$!
{
	archiveVersion = 1;
	classes = {
	};
	objectVersion = 52;
	objects = {

/* Begin PBXBuildFile section */
		4A5513F725AFB8970035D1E3 /* CodeScanner in Frameworks */ = {isa = PBXBuildFile; productRef = 4A5513F625AFB8970035D1E3 /* CodeScanner */; };
		4A5513FA25AFC5880035D1E3 /* SettingsView.swift in Sources */ = {isa = PBXBuildFile; fileRef = 4A5513F925AFC5880035D1E3 /* SettingsView.swift */; };
		4A5A3F8525AF695E00140D4D /* QuickVINApp.swift in Sources */ = {isa = PBXBuildFile; fileRef = 4A5A3F8425AF695E00140D4D /* QuickVINApp.swift */; };
		4A5A3F8725AF695E00140D4D /* ContentView.swift in Sources */ = {isa = PBXBuildFile; fileRef = 4A5A3F8625AF695E00140D4D /* ContentView.swift */; };
		4A5A3F8925AF695F00140D4D /* Assets.xcassets in Resources */ = {isa = PBXBuildFile; fileRef = 4A5A3F8825AF695F00140D4D /* Assets.xcassets */; };
		4A5A3F8C25AF695F00140D4D /* Preview Assets.xcassets in Resources */ = {isa = PBXBuildFile; fileRef = 4A5A3F8B25AF695F00140D4D /* Preview Assets.xcassets */; };
		4A5A3F9525AF69AB00140D4D /* VINLookup.swift in Sources */ = {isa = PBXBuildFile; fileRef = 4A5A3F9425AF69AB00140D4D /* VINLookup.swift */; };
/* End PBXBuildFile section */

/* Begin PBXFileReference section */
		4A5513F925AFC5880035D1E3 /* SettingsView.swift */ = {isa = PBXFileReference; lastKnownFileType = sourcecode.swift; path = SettingsView.swift; sourceTree = "<group>"; };
		4A5A3F8125AF695E00140D4D /* QuickVIN.app */ = {isa = PBXFileReference; explicitFileType = wrapper.application; includeInIndex = 0; path = QuickVIN.app; sourceTree = BUILT_PRODUCTS_DIR; };
		4A5A3F8425AF695E00140D4D /* QuickVINApp.swift */ = {isa = PBXFileReference; lastKnownFileType = sourcecode.swift; path = QuickVINApp.swift; sourceTree = "<group>"; };
		4A5A3F8625AF695E00140D4D /* ContentView.swift */ = {isa = PBXFileReference; lastKnownFileType = sourcecode.swift; path = ContentView.swift; sourceTree = "<group>"; };
		4A5A3F8825AF695F00140D4D /* Assets.xcassets */ = {isa = PBXFileReference; lastKnownFileType = folder.assetcatalog; path = Assets.xcassets; sourceTree = "<group>"; };
		4A5A3F8B25AF695F00140D4D /* Preview Assets.xcassets */ = {isa = PBXFileReference; lastKnownFileType = folder.assetcatalog; path = "Preview Assets.xcassets"; sourceTree = "<group>"; };
		4A5A3F8D25AF695F00140D4D /* Info.plist */ = {isa = PBXFileReference; lastKnownFileType = text.plist.xml; path = Info.plist; sourceTree = "<group>"; };
		4A5A3F9425AF69AB00140D4D /* VINLookup.swift */ = {isa = PBXFileReference; lastKnownFileType = sourcecode.swift; path = VINLookup.swift; sourceTree = "<group>"; };
/* End PBXFileReference section */

/* Begin PBXFrameworksBuildPhase section */
		4A5A3F7E25AF695E00140D4D /* Frameworks */ = {
			isa = PBXFrameworksBuildPhase;
			buildActionMask = 2147483647;
			files = (
				4A5513F725AFB8970035D1E3 /* CodeScanner in Frameworks */,
			);
			runOnlyForDeploymentPostprocessing = 0;
		};
/* End PBXFrameworksBuildPhase section */

/* Begin PBXGroup section */
		4A5A3F7825AF695E00140D4D = {
			isa = PBXGroup;
			children = (
				4A5A3F8325AF695E00140D4D /* QuickVIN */,
				4A5A3F8225AF695E00140D4D /* Products */,
			);
			sourceTree = "<group>";
		};
		4A5A3F8225AF695E00140D4D /* Products */ = {
			isa = PBXGroup;
			children = (
				4A5A3F8125AF695E00140D4D /* QuickVIN.app */,
			);
			name = Products;
			sourceTree = "<group>";
		};
		4A5A3F8325AF695E00140D4D /* QuickVIN */ = {
			isa = PBXGroup;
			children = (
				4A5A3F8425AF695E00140D4D /* QuickVINApp.swift */,
				4A5A3F8625AF695E00140D4D /* ContentView.swift */,
				4A5513F925AFC5880035D1E3 /* SettingsView.swift */,
				4A5A3F9425AF69AB00140D4D /* VINLookup.swift */,
				4A5A3F8825AF695F00140D4D /* Assets.xcassets */,
				4A5A3F8D25AF695F00140D4D /* Info.plist */,
				4A5A3F8A25AF695F00140D4D /* Preview Content */,
			);
			path = QuickVIN;
			sourceTree = "<group>";
		};
		4A5A3F8A25AF695F00140D4D /* Preview Content */ = {
			isa = PBXGroup;
			children = (
				4A5A3F8B25AF695F00140D4D /* Preview Assets.xcassets */,
			);
			path = "Preview Content";
			sourceTree = "<group>";
		};
/* End PBXGroup section */

/* Begin PBXNativeTarget section */
		4A5A3F8025AF695E00140D4D /* QuickVIN */ = {
			isa = PBXNativeTarget;
			buildConfigurationList = 4A5A3F9025AF695F00140D4D /* Build configuration list for PBXNativeTarget "QuickVIN" */;
			buildPhases = (
				4A5A3F7D25AF695E00140D4D /* Sources */,
				4A5A3F7E25AF695E00140D4D /* Frameworks */,
				4A5A3F7F25AF695E00140D4D /* Resources */,
			);
			buildRules = (
			);
			dependencies = (
			);
			name = QuickVIN;
			packageProductDependencies = (
				4A5513F625AFB8970035D1E3 /* CodeScanner */,
			);
			productName = QuickVIN;
			productReference = 4A5A3F8125AF695E00140D4D /* QuickVIN.app */;
			productType = "com.apple.product-type.application";
		};
/* End PBXNativeTarget section */

/* Begin PBXProject section */
		4A5A3F7925AF695E00140D4D /* Project object */ = {
			isa = PBXProject;
			attributes = {
				LastSwiftUpdateCheck = 1230;
				LastUpgradeCheck = 1230;
				TargetAttributes = {
					4A5A3F8025AF695E00140D4D = {
						CreatedOnToolsVersion = 12.3;
					};
				};
			};
			buildConfigurationList = 4A5A3F7C25AF695E00140D4D /* Build configuration list for PBXProject "QuickVIN" */;
			compatibilityVersion = "Xcode 9.3";
			developmentRegion = en;
			hasScannedForEncodings = 0;
			knownRegions = (
				en,
				Base,
			);
			mainGroup = 4A5A3F7825AF695E00140D4D;
			packageReferences = (
				4A5513F525AFB8970035D1E3 /* XCRemoteSwiftPackageReference "CodeScanner" */,
			);
			productRefGroup = 4A5A3F8225AF695E00140D4D /* Products */;
			projectDirPath = "";
			projectRoot = "";
			targets = (
				4A5A3F8025AF695E00140D4D /* QuickVIN */,
			);
		};
/* End PBXProject section */

/* Begin PBXResourcesBuildPhase section */
		4A5A3F7F25AF695E00140D4D /* Resources */ = {
			isa = PBXResourcesBuildPhase;
			buildActionMask = 2147483647;
			files = (
				4A5A3F8C25AF695F00140D4D /* Preview Assets.xcassets in Resources */,
				4A5A3F8925AF695F00140D4D /* Assets.xcassets in Resources */,
			);
			runOnlyForDeploymentPostprocessing = 0;
		};
/* End PBXResourcesBuildPhase section */

/* Begin PBXSourcesBuildPhase section */
		4A5A3F7D25AF695E00140D4D /* Sources */ = {
			isa = PBXSourcesBuildPhase;
			buildActionMask = 2147483647;
			files = (
				4A5A3F8725AF695E00140D4D /* ContentView.swift in Sources */,
				4A5513FA25AFC5880035D1E3 /* SettingsView.swift in Sources */,
				4A5A3F9525AF69AB00140D4D /* VINLookup.swift in Sources */,
				4A5A3F8525AF695E00140D4D /* QuickVINApp.swift in Sources */,
			);
			runOnlyForDeploymentPostprocessing = 0;
		};
/* End PBXSourcesBuildPhase section */

/* Begin XCBuildConfiguration section */
		4A5A3F8E25AF695F00140D4D /* Debug */ = {
			isa = XCBuildConfiguration;
			buildSettings = {
				ALWAYS_SEARCH_USER_PATHS = NO;
				CLANG_ANALYZER_NONNULL = YES;
				CLANG_ANALYZER_NUMBER_OBJECT_CONVERSION = YES_AGGRESSIVE;
				CLANG_CXX_LANGUAGE_STANDARD = "gnu++14";
				CLANG_CXX_LIBRARY = "libc++";
				CLANG_ENABLE_MODULES = YES;
				CLANG_ENABLE_OBJC_ARC = YES;
				CLANG_ENABLE_OBJC_WEAK = YES;
				CLANG_WARN_BLOCK_CAPTURE_AUTORELEASING = YES;
				CLANG_WARN_BOOL_CONVERSION = YES;
				CLANG_WARN_COMMA = YES;
				CLANG_WARN_CONSTANT_CONVERSION = YES;
				CLANG_WARN_DEPRECATED_OBJC_IMPLEMENTATIONS = YES;
				CLANG_WARN_DIRECT_OBJC_ISA_USAGE = YES_ERROR;
				CLANG_WARN_DOCUMENTATION_COMMENTS = YES;
				CLANG_WARN_EMPTY_BODY = YES;
				CLANG_WARN_ENUM_CONVERSION = YES;
				CLANG_WARN_INFINITE_RECURSION = YES;
				CLANG_WARN_INT_CONVERSION = YES;
				CLANG_WARN_NON_LITERAL_NULL_CONVERSION = YES;
				CLANG_WARN_OBJC_IMPLICIT_RETAIN_SELF = YES;
				CLANG_WARN_OBJC_LITERAL_CONVERSION = YES;
				CLANG_WARN_OBJC_ROOT_CLASS = YES_ERROR;
				CLANG_WARN_QUOTED_INCLUDE_IN_FRAMEWORK_HEADER = YES;
				CLANG_WARN_RANGE_LOOP_ANALYSIS = YES;
				CLANG_WARN_STRICT_PROTOTYPES = YES;
				CLANG_WARN_SUSPICIOUS_MOVE = YES;
				CLANG_WARN_UNGUARDED_AVAILABILITY = YES_AGGRESSIVE;
				CLANG_WARN_UNREACHABLE_CODE = YES;
				CLANG_WARN__DUPLICATE_METHOD_MATCH = YES;
				COPY_PHASE_STRIP = NO;
				DEBUG_INFORMATION_FORMAT = dwarf;
				ENABLE_STRICT_OBJC_MSGSEND = YES;
				ENABLE_TESTABILITY = YES;
				GCC_C_LANGUAGE_STANDARD = gnu11;
				GCC_DYNAMIC_NO_PIC = NO;
				GCC_NO_COMMON_BLOCKS = YES;
				GCC_OPTIMIZATION_LEVEL = 0;
				GCC_PREPROCESSOR_DEFINITIONS = (
					"DEBUG=1",
					"$(inherited)",
				);
				GCC_WARN_64_TO_32_BIT_CONVERSION = YES;
				GCC_WARN_ABOUT_RETURN_TYPE = YES_ERROR;
				GCC_WARN_UNDECLARED_SELECTOR = YES;
				GCC_WARN_UNINITIALIZED_AUTOS = YES_AGGRESSIVE;
				GCC_WARN_UNUSED_FUNCTION = YES;
				GCC_WARN_UNUSED_VARIABLE = YES;
				IPHONEOS_DEPLOYMENT_TARGET = 14.3;
				MTL_ENABLE_DEBUG_INFO = INCLUDE_SOURCE;
				MTL_FAST_MATH = YES;
				ONLY_ACTIVE_ARCH = YES;
				SDKROOT = iphoneos;
				SWIFT_ACTIVE_COMPILATION_CONDITIONS = DEBUG;
				SWIFT_OPTIMIZATION_LEVEL = "-Onone";
			};
			name = Debug;
		};
		4A5A3F8F25AF695F00140D4D /* Release */ = {
			isa = XCBuildConfiguration;
			buildSettings = {
				ALWAYS_SEARCH_USER_PATHS = NO;
				CLANG_ANALYZER_NONNULL = YES;
				CLANG_ANALYZER_NUMBER_OBJECT_CONVERSION = YES_AGGRESSIVE;
				CLANG_CXX_LANGUAGE_STANDARD = "gnu++14";
				CLANG_CXX_LIBRARY = "libc++";
				CLANG_ENABLE_MODULES = YES;
				CLANG_ENABLE_OBJC_ARC = YES;
				CLANG_ENABLE_OBJC_WEAK = YES;
				CLANG_WARN_BLOCK_CAPTURE_AUTORELEASING = YES;
				CLANG_WARN_BOOL_CONVERSION = YES;
				CLANG_WARN_COMMA = YES;
				CLANG_WARN_CONSTANT_CONVERSION = YES;
				CLANG_WARN_DEPRECATED_OBJC_IMPLEMENTATIONS = YES;
				CLANG_WARN_DIRECT_OBJC_ISA_USAGE = YES_ERROR;
				CLANG_WARN_DOCUMENTATION_COMMENTS = YES;
				CLANG_WARN_EMPTY_BODY = YES;
				CLANG_WARN_ENUM_CONVERSION = YES;
				CLANG_WARN_INFINITE_RECURSION = YES;
				CLANG_WARN_INT_CONVERSION = YES;
				CLANG_WARN_NON_LITERAL_NULL_CONVERSION = YES;
				CLANG_WARN_OBJC_IMPLICIT_RETAIN_SELF = YES;
				CLANG_WARN_OBJC_LITERAL_CONVERSION = YES;
				CLANG_WARN_OBJC_ROOT_CLASS = YES_ERROR;
				CLANG_WARN_QUOTED_INCLUDE_IN_FRAMEWORK_HEADER = YES;
				CLANG_WARN_RANGE_LOOP_ANALYSIS = YES;
				CLANG_WARN_STRICT_PROTOTYPES = YES;
				CLANG_WARN_SUSPICIOUS_MOVE = YES;
				CLANG_WARN_UNGUARDED_AVAILABILITY = YES_AGGRESSIVE;
				CLANG_WARN_UNREACHABLE_CODE = YES;
				CLANG_WARN__DUPLICATE_METHOD_MATCH = YES;
				COPY_PHASE_STRIP = NO;
				DEBUG_INFORMATION_FORMAT = "dwarf-with-dsym";
				ENABLE_NS_ASSERTIONS = NO;
				ENABLE_STRICT_OBJC_MSGSEND = YES;
				GCC_C_LANGUAGE_STANDARD = gnu11;
				GCC_NO_COMMON_BLOCKS = YES;
				GCC_WARN_64_TO_32_BIT_CONVERSION = YES;
				GCC_WARN_ABOUT_RETURN_TYPE = YES_ERROR;
				GCC_WARN_UNDECLARED_SELECTOR = YES;
				GCC_WARN_UNINITIALIZED_AUTOS = YES_AGGRESSIVE;
				GCC_WARN_UNUSED_FUNCTION = YES;
				GCC_WARN_UNUSED_VARIABLE = YES;
				IPHONEOS_DEPLOYMENT_TARGET = 14.3;
				MTL_ENABLE_DEBUG_INFO = NO;
				MTL_FAST_MATH = YES;
				SDKROOT = iphoneos;
				SWIFT_COMPILATION_MODE = wholemodule;
				SWIFT_OPTIMIZATION_LEVEL = "-O";
				VALIDATE_PRODUCT = YES;
			};
			name = Release;
		};
		4A5A3F9125AF695F00140D4D /* Debug */ = {
			isa = XCBuildConfiguration;
			buildSettings = {
				ASSETCATALOG_COMPILER_APPICON_NAME = AppIcon;
				ASSETCATALOG_COMPILER_GLOBAL_ACCENT_COLOR_NAME = AccentColor;
				CODE_SIGN_STYLE = Automatic;
				DEVELOPMENT_ASSET_PATHS = "\"QuickVIN/Preview Content\"";
				DEVELOPMENT_TEAM = HD8H84B8QN;
				ENABLE_PREVIEWS = YES;
				INFOPLIST_FILE = QuickVIN/Info.plist;
				IPHONEOS_DEPLOYMENT_TARGET = 14.0;
				LD_RUNPATH_SEARCH_PATHS = (
					"$(inherited)",
					"@executable_path/Frameworks",
				);
				PRODUCT_BUNDLE_IDENTIFIER = com.jvaglivelo.QuickVIN;
				PRODUCT_NAME = "$(TARGET_NAME)";
				SWIFT_VERSION = 5.0;
				TARGETED_DEVICE_FAMILY = 1;
			};
			name = Debug;
		};
		4A5A3F9225AF695F00140D4D /* Release */ = {
			isa = XCBuildConfiguration;
			buildSettings = {
				ASSETCATALOG_COMPILER_APPICON_NAME = AppIcon;
				ASSETCATALOG_COMPILER_GLOBAL_ACCENT_COLOR_NAME = AccentColor;
				CODE_SIGN_STYLE = Automatic;
				DEVELOPMENT_ASSET_PATHS = "\"QuickVIN/Preview Content\"";
				DEVELOPMENT_TEAM = HD8H84B8QN;
				ENABLE_PREVIEWS = YES;
				INFOPLIST_FILE = QuickVIN/Info.plist;
				IPHONEOS_DEPLOYMENT_TARGET = 14.0;
				LD_RUNPATH_SEARCH_PATHS = (
					"$(inherited)",
					"@executable_path/Frameworks",
				);
				PRODUCT_BUNDLE_IDENTIFIER = com.jvaglivelo.QuickVIN;
				PRODUCT_NAME = "$(TARGET_NAME)";
				SWIFT_VERSION = 5.0;
				TARGETED_DEVICE_FAMILY = 1;
			};
			name = Release;
		};
/* End XCBuildConfiguration section */

/* Begin XCConfigurationList section */
		4A5A3F7C25AF695E00140D4D /* Build configuration list for PBXProject "QuickVIN" */ = {
			isa = XCConfigurationList;
			buildConfigurations = (
				4A5A3F8E25AF695F00140D4D /* Debug */,
				4A5A3F8F25AF695F00140D4D /* Release */,
			);
			defaultConfigurationIsVisible = 0;
			defaultConfigurationName = Release;
		};
		4A5A3F9025AF695F00140D4D /* Build configuration list for PBXNativeTarget "QuickVIN" */ = {
			isa = XCConfigurationList;
			buildConfigurations = (
				4A5A3F9125AF695F00140D4D /* Debug */,
				4A5A3F9225AF695F00140D4D /* Release */,
			);
			defaultConfigurationIsVisible = 0;
			defaultConfigurationName = Release;
		};
/* End XCConfigurationList section */

/* Begin XCRemoteSwiftPackageReference section */
		4A5513F525AFB8970035D1E3 /* XCRemoteSwiftPackageReference "CodeScanner" */ = {
			isa = XCRemoteSwiftPackageReference;
			repositoryURL = "https://github.com/twostraws/CodeScanner";
			requirement = {
				kind = upToNextMajorVersion;
				minimumVersion = 1.0.7;
			};
		};
/* End XCRemoteSwiftPackageReference section */

/* Begin XCSwiftPackageProductDependency section */
		4A5513F625AFB8970035D1E3 /* CodeScanner */ = {
			isa = XCSwiftPackageProductDependency;
			package = 4A5513F525AFB8970035D1E3 /* XCRemoteSwiftPackageReference "CodeScanner" */;
			productName = CodeScanner;
		};
/* End XCSwiftPackageProductDependency section */
	};
	rootObject = 4A5A3F7925AF695E00140D4D /* Project object */;
}
